
Microsoft Visual Studio Solution File, Format Version 12.00
# Visual Studio Version 16
VisualStudioVersion = 16.0.30309.148
MinimumVisualStudioVersion = 10.0.40219.1
Project("{FAE04EC0-301F-11D3-BF4B-00C04F79EFBC}") = "pp_FactoryMethod", "pp_FactoryMethod.csproj", "{968D1F7F-D21A-42AE-B83A-E8F1EC182388}"
EndProject
Global
	GlobalSection(SolutionConfigurationPlatforms) = preSolution
		Debug|Any CPU = Debug|Any CPU
		Release|Any CPU = Release|Any CPU
	EndGlobalSection
	GlobalSection(ProjectConfigurationPlatforms) = postSolution
		{968D1F7F-D21A-42AE-B83A-E8F1EC182388}.Debug|Any CPU.ActiveCfg = Debug|Any CPU
		{968D1F7F-D21A-42AE-B83A-E8F1EC182388}.Debug|Any CPU.Build.0 = Debug|Any CPU
		{968D1F7F-D21A-42AE-B83A-E8F1EC182388}.Release|Any CPU.ActiveCfg = Release|Any CPU
		{968D1F7F-D21A-42AE-B83A-E8F1EC182388}.Release|Any CPU.Build.0 = Release|Any CPU
	EndGlobalSection
	GlobalSection(SolutionProperties) = preSolution
		HideSolutionNode = FALSE
	EndGlobalSection
	GlobalSection(ExtensibilityGlobals) = postSolution
		SolutionGuid = {AFD7A88D-BAAD-408A-89A9-7204B504C66E}
	EndGlobalSection
EndGlobal
